# THIS IS AN AUTOGENERATED FILE. DO NOT EDIT THIS FILE DIRECTLY.
# yarn lockfile v1


rxjs@^5.4.1:
  version "5.4.1"
  resolved "https://registry.yarnpkg.com/rxjs/-/rxjs-5.4.1.tgz#b62f757f279445d265a18a58fb0a70dc90e91626"
  dependencies:
    symbol-observable "^1.0.1"

symbol-observable@^1.0.1:
  version "1.0.4"
  resolved "https://registry.yarnpkg.com/symbol-observable/-/symbol-observable-1.0.4.tgz#29bf615d4aa7121bdd898b22d4b3f9bc4e2aa03d"

three.js@^0.77.1:
  version "0.77.1"
  resolved "https://registry.yarnpkg.com/three.js/-/three.js-0.77.1.tgz#07858a8749e4b627a31083252a2d987776cca32a"
  dependencies:
    three "0.77.0"

three@0.77.0:
  version "0.77.0"
  resolved "https://registry.yarnpkg.com/three/-/three-0.77.0.tgz#8b0b1b00047689ceaa020d480a562ca60d87ff37"
